# THIS IS AN AUTOGENERATED FILE. DO NOT EDIT THIS FILE DIRECTLY.
# yarn lockfile v1


"@types/node@*":
  version "10.5.4"
  resolved "https://registry.yarnpkg.com/@types/node/-/node-10.5.4.tgz#6eccc158504357d1da91434d75e86acde94bb10b"

"@types/promptly@^1.1.28":
  version "1.1.28"
  resolved "https://registry.yarnpkg.com/@types/promptly/-/promptly-1.1.28.tgz#9014e2f12acdea41e21009af4e39fe7b11fec8d1"
  dependencies:
    "@types/node" "*"

mute-stream@~0.0.4:
  version "0.0.7"
  resolved "https://registry.yarnpkg.com/mute-stream/-/mute-stream-0.0.7.tgz#3075ce93bc21b8fab43e1bc4da7e8115ed1e7bab"

pify@^3.0.0:
  version "3.0.0"
  resolved "https://registry.yarnpkg.com/pify/-/pify-3.0.0.tgz#e5a4acd2c101fdf3d9a4d07f0dbc4db49dd28176"

promptly@^3.0.3:
  version "3.0.3"
  resolved "https://registry.yarnpkg.com/promptly/-/promptly-3.0.3.tgz#e178f722e73d82c60d019462044bccfdd9872f42"
  dependencies:
    pify "^3.0.0"
    read "^1.0.4"

read@^1.0.4:
  version "1.0.7"
  resolved "https://registry.yarnpkg.com/read/-/read-1.0.7.tgz#b3da19bd052431a97671d44a42634adf710b40c4"
  dependencies:
    mute-stream "~0.0.4"

typescript@^2.9.2:
  version "2.9.2"
  resolved "https://registry.yarnpkg.com/typescript/-/typescript-2.9.2.tgz#1cbf61d05d6b96269244eb6a3bce4bd914e0f00c"
